{
  "requires": true,
  "lockfileVersion": 1,
  "dependencies": {
    "@vkontakte/vk-bridge": {
      "version": "2.4.8",
      "resolved": "https://registry.npmjs.org/@vkontakte/vk-bridge/-/vk-bridge-2.4.8.tgz",
      "integrity": "sha512-YGTZZsm9OO/JRRBM6HHGCPMN3yiQcBUxFLCK7bCUcFWvWghFZdWQvPtuCKXONwhBMwp1Wo90kSV5rXSvJA8lOQ=="
    }
  }
}
